
Microsoft Visual Studio Solution File, Format Version 12.00
# Visual Studio 15
VisualStudioVersion = 15.0.28307.421
MinimumVisualStudioVersion = 10.0.40219.1
Project("{FAE04EC0-301F-11D3-BF4B-00C04F79EFBC}") = "Nemont.Sample.Xml", "Nemont.Sample.Xml\Nemont.Sample.Xml.csproj", "{BC872496-67B2-4987-91C8-768ECE12A33B}"
EndProject
Global
	GlobalSection(SolutionConfigurationPlatforms) = preSolution
		Debug|Any CPU = Debug|Any CPU
		Release|Any CPU = Release|Any CPU
	EndGlobalSection
	GlobalSection(ProjectConfigurationPlatforms) = postSolution
		{BC872496-67B2-4987-91C8-768ECE12A33B}.Debug|Any CPU.ActiveCfg = Debug|Any CPU
		{BC872496-67B2-4987-91C8-768ECE12A33B}.Debug|Any CPU.Build.0 = Debug|Any CPU
		{BC872496-67B2-4987-91C8-768ECE12A33B}.Release|Any CPU.ActiveCfg = Release|Any CPU
		{BC872496-67B2-4987-91C8-768ECE12A33B}.Release|Any CPU.Build.0 = Release|Any CPU
	EndGlobalSection
	GlobalSection(SolutionProperties) = preSolution
		HideSolutionNode = FALSE
	EndGlobalSection
	GlobalSection(ExtensibilityGlobals) = postSolution
		SolutionGuid = {9FBEDE1D-D3A1-4298-862F-7679A1EE887C}
	EndGlobalSection
EndGlobal
